// !$*UTF8*$!
{
	archiveVersion = 1;
	classes = {
	};
	objectVersion = 46;
	objects = {

/* Begin PBXBuildFile section */
		160234BE1DC110630081FE88 /* MainMenuController.swift in Sources */ = {isa = PBXBuildFile; fileRef = 160234BD1DC110630081FE88 /* MainMenuController.swift */; };
		160234C01DC111B50081FE88 /* SettingsMenuController.swift in Sources */ = {isa = PBXBuildFile; fileRef = 160234BF1DC111B50081FE88 /* SettingsMenuController.swift */; };
		160234C21DC120390081FE88 /* GenreTableViewController.swift in Sources */ = {isa = PBXBuildFile; fileRef = 160234C11DC120390081FE88 /* GenreTableViewController.swift */; };
		160234C41DC12AE70081FE88 /* CountrysTableViewController.swift in Sources */ = {isa = PBXBuildFile; fileRef = 160234C31DC12AE70081FE88 /* CountrysTableViewController.swift */; };
		163F07C91DE7052800F12503 /* Client_getImage.swift in Sources */ = {isa = PBXBuildFile; fileRef = 163F07C81DE7052800F12503 /* Client_getImage.swift */; };
		16425A051DE638D80066793E /* TMDbHelper.swift in Sources */ = {isa = PBXBuildFile; fileRef = 16425A041DE638D80066793E /* TMDbHelper.swift */; };
		1676A92E1DB956A400371B86 /* AppDelegate.swift in Sources */ = {isa = PBXBuildFile; fileRef = 1676A92D1DB956A400371B86 /* AppDelegate.swift */; };
		1676A9331DB956A400371B86 /* Main.storyboard in Resources */ = {isa = PBXBuildFile; fileRef = 1676A9311DB956A400371B86 /* Main.storyboard */; };
		1676A9351DB956A400371B86 /* Assets.xcassets in Resources */ = {isa = PBXBuildFile; fileRef = 1676A9341DB956A400371B86 /* Assets.xcassets */; };
		1676A9381DB956A400371B86 /* LaunchScreen.storyboard in Resources */ = {isa = PBXBuildFile; fileRef = 1676A9361DB956A400371B86 /* LaunchScreen.storyboard */; };
		78D8625CF105F528C78341D9 /* Pods_TellMeAMovie.framework in Frameworks */ = {isa = PBXBuildFile; fileRef = A377682EA2E4D412D7509190 /* Pods_TellMeAMovie.framework */; };
/* End PBXBuildFile section */

/* Begin PBXFileReference section */
		160234BD1DC110630081FE88 /* MainMenuController.swift */ = {isa = PBXFileReference; fileEncoding = 4; lastKnownFileType = sourcecode.swift; path = MainMenuController.swift; sourceTree = "<group>"; };
		160234BF1DC111B50081FE88 /* SettingsMenuController.swift */ = {isa = PBXFileReference; fileEncoding = 4; lastKnownFileType = sourcecode.swift; path = SettingsMenuController.swift; sourceTree = "<group>"; };
		160234C11DC120390081FE88 /* GenreTableViewController.swift */ = {isa = PBXFileReference; fileEncoding = 4; lastKnownFileType = sourcecode.swift; path = GenreTableViewController.swift; sourceTree = "<group>"; };
		160234C31DC12AE70081FE88 /* CountrysTableViewController.swift */ = {isa = PBXFileReference; fileEncoding = 4; lastKnownFileType = sourcecode.swift; path = CountrysTableViewController.swift; sourceTree = "<group>"; };
		163F07C81DE7052800F12503 /* Client_getImage.swift */ = {isa = PBXFileReference; fileEncoding = 4; lastKnownFileType = sourcecode.swift; path = Client_getImage.swift; sourceTree = "<group>"; };
		16425A041DE638D80066793E /* TMDbHelper.swift */ = {isa = PBXFileReference; fileEncoding = 4; lastKnownFileType = sourcecode.swift; path = TMDbHelper.swift; sourceTree = "<group>"; };
		1676A92A1DB956A400371B86 /* TellMeAMovie.app */ = {isa = PBXFileReference; explicitFileType = wrapper.application; includeInIndex = 0; path = TellMeAMovie.app; sourceTree = BUILT_PRODUCTS_DIR; };
		1676A92D1DB956A400371B86 /* AppDelegate.swift */ = {isa = PBXFileReference; lastKnownFileType = sourcecode.swift; path = AppDelegate.swift; sourceTree = "<group>"; };
		1676A9321DB956A400371B86 /* Base */ = {isa = PBXFileReference; lastKnownFileType = file.storyboard; name = Base; path = Base.lproj/Main.storyboard; sourceTree = "<group>"; };
		1676A9341DB956A400371B86 /* Assets.xcassets */ = {isa = PBXFileReference; lastKnownFileType = folder.assetcatalog; path = Assets.xcassets; sourceTree = "<group>"; };
		1676A9371DB956A400371B86 /* Base */ = {isa = PBXFileReference; lastKnownFileType = file.storyboard; name = Base; path = Base.lproj/LaunchScreen.storyboard; sourceTree = "<group>"; };
		1676A9391DB956A400371B86 /* Info.plist */ = {isa = PBXFileReference; lastKnownFileType = text.plist.xml; path = Info.plist; sourceTree = "<group>"; };
		2F4D0E178C98D4C2FF84E62D /* Pods-TellMeAMovie.debug.xcconfig */ = {isa = PBXFileReference; includeInIndex = 1; lastKnownFileType = text.xcconfig; name = "Pods-TellMeAMovie.debug.xcconfig"; path = "Pods/Target Support Files/Pods-TellMeAMovie/Pods-TellMeAMovie.debug.xcconfig"; sourceTree = "<group>"; };
		4427BFC0F3FCC1AAC05E8EE8 /* Pods-TellMeAMovie.release.xcconfig */ = {isa = PBXFileReference; includeInIndex = 1; lastKnownFileType = text.xcconfig; name = "Pods-TellMeAMovie.release.xcconfig"; path = "Pods/Target Support Files/Pods-TellMeAMovie/Pods-TellMeAMovie.release.xcconfig"; sourceTree = "<group>"; };
		A377682EA2E4D412D7509190 /* Pods_TellMeAMovie.framework */ = {isa = PBXFileReference; explicitFileType = wrapper.framework; includeInIndex = 0; path = Pods_TellMeAMovie.framework; sourceTree = BUILT_PRODUCTS_DIR; };
/* End PBXFileReference section */

/* Begin PBXFrameworksBuildPhase section */
		1676A9271DB956A400371B86 /* Frameworks */ = {
			isa = PBXFrameworksBuildPhase;
			buildActionMask = 2147483647;
			files = (
				78D8625CF105F528C78341D9 /* Pods_TellMeAMovie.framework in Frameworks */,
			);
			runOnlyForDeploymentPostprocessing = 0;
		};
/* End PBXFrameworksBuildPhase section */

/* Begin PBXGroup section */
		160234BB1DC10FE80081FE88 /* Controllers */ = {
			isa = PBXGroup;
			children = (
				160234BD1DC110630081FE88 /* MainMenuController.swift */,
				160234BF1DC111B50081FE88 /* SettingsMenuController.swift */,
				160234C11DC120390081FE88 /* GenreTableViewController.swift */,
				160234C31DC12AE70081FE88 /* CountrysTableViewController.swift */,
			);
			path = Controllers;
			sourceTree = "<group>";
		};
		160234BC1DC10FF90081FE88 /* Models */ = {
			isa = PBXGroup;
			children = (
			);
			path = Models;
			sourceTree = "<group>";
		};
		163F07C71DE7048300F12503 /* Client */ = {
			isa = PBXGroup;
			children = (
				163F07C81DE7052800F12503 /* Client_getImage.swift */,
			);
			path = Client;
			sourceTree = "<group>";
		};
		1676A9211DB956A400371B86 = {
			isa = PBXGroup;
			children = (
				1676A92C1DB956A400371B86 /* TellMeAMovie */,
				1676A92B1DB956A400371B86 /* Products */,
				DB07B629799DAA39FE95337F /* Pods */,
				C01101443F8A6E035105F0E6 /* Frameworks */,
			);
			sourceTree = "<group>";
		};
		1676A92B1DB956A400371B86 /* Products */ = {
			isa = PBXGroup;
			children = (
				1676A92A1DB956A400371B86 /* TellMeAMovie.app */,
			);
			name = Products;
			sourceTree = "<group>";
		};
		1676A92C1DB956A400371B86 /* TellMeAMovie */ = {
			isa = PBXGroup;
			children = (
				163F07C71DE7048300F12503 /* Client */,
				160234BC1DC10FF90081FE88 /* Models */,
				160234BB1DC10FE80081FE88 /* Controllers */,
				1676A92D1DB956A400371B86 /* AppDelegate.swift */,
				1676A9311DB956A400371B86 /* Main.storyboard */,
				1676A9341DB956A400371B86 /* Assets.xcassets */,
				1676A9361DB956A400371B86 /* LaunchScreen.storyboard */,
				1676A9391DB956A400371B86 /* Info.plist */,
				16425A041DE638D80066793E /* TMDbHelper.swift */,
			);
			path = TellMeAMovie;
			sourceTree = "<group>";
		};
		C01101443F8A6E035105F0E6 /* Frameworks */ = {
			isa = PBXGroup;
			children = (
				A377682EA2E4D412D7509190 /* Pods_TellMeAMovie.framework */,
			);
			name = Frameworks;
			sourceTree = "<group>";
		};
		DB07B629799DAA39FE95337F /* Pods */ = {
			isa = PBXGroup;
			children = (
				2F4D0E178C98D4C2FF84E62D /* Pods-TellMeAMovie.debug.xcconfig */,
				4427BFC0F3FCC1AAC05E8EE8 /* Pods-TellMeAMovie.release.xcconfig */,
			);
			name = Pods;
			sourceTree = "<group>";
		};
/* End PBXGroup section */

/* Begin PBXNativeTarget section */
		1676A9291DB956A400371B86 /* TellMeAMovie */ = {
			isa = PBXNativeTarget;
			buildConfigurationList = 1676A93C1DB956A400371B86 /* Build configuration list for PBXNativeTarget "TellMeAMovie" */;
			buildPhases = (
				14E29AB9A684F653BCA71916 /* [CP] Check Pods Manifest.lock */,
				1676A9261DB956A400371B86 /* Sources */,
				1676A9271DB956A400371B86 /* Frameworks */,
				1676A9281DB956A400371B86 /* Resources */,
				20DC5DF3E847AADFA673DB99 /* [CP] Embed Pods Frameworks */,
				F50D4DEB1BFE6355D73AF1BA /* [CP] Copy Pods Resources */,
			);
			buildRules = (
			);
			dependencies = (
			);
			name = TellMeAMovie;
			productName = TellMeAMovie;
			productReference = 1676A92A1DB956A400371B86 /* TellMeAMovie.app */;
			productType = "com.apple.product-type.application";
		};
/* End PBXNativeTarget section */

/* Begin PBXProject section */
		1676A9221DB956A400371B86 /* Project object */ = {
			isa = PBXProject;
			attributes = {
				LastSwiftUpdateCheck = 0800;
				LastUpgradeCheck = 0800;
				ORGANIZATIONNAME = IlyaGutnikov;
				TargetAttributes = {
					1676A9291DB956A400371B86 = {
						CreatedOnToolsVersion = 8.0;
						DevelopmentTeam = NN66A2H896;
						ProvisioningStyle = Automatic;
					};
				};
			};
			buildConfigurationList = 1676A9251DB956A400371B86 /* Build configuration list for PBXProject "TellMeAMovie" */;
			compatibilityVersion = "Xcode 3.2";
			developmentRegion = English;
			hasScannedForEncodings = 0;
			knownRegions = (
				en,
				Base,
			);
			mainGroup = 1676A9211DB956A400371B86;
			productRefGroup = 1676A92B1DB956A400371B86 /* Products */;
			projectDirPath = "";
			projectRoot = "";
			targets = (
				1676A9291DB956A400371B86 /* TellMeAMovie */,
			);
		};
/* End PBXProject section */

/* Begin PBXResourcesBuildPhase section */
		1676A9281DB956A400371B86 /* Resources */ = {
			isa = PBXResourcesBuildPhase;
			buildActionMask = 2147483647;
			files = (
				1676A9381DB956A400371B86 /* LaunchScreen.storyboard in Resources */,
				1676A9351DB956A400371B86 /* Assets.xcassets in Resources */,
				1676A9331DB956A400371B86 /* Main.storyboard in Resources */,
			);
			runOnlyForDeploymentPostprocessing = 0;
		};
/* End PBXResourcesBuildPhase section */

/* Begin PBXShellScriptBuildPhase section */
		14E29AB9A684F653BCA71916 /* [CP] Check Pods Manifest.lock */ = {
			isa = PBXShellScriptBuildPhase;
			buildActionMask = 2147483647;
			files = (
			);
			inputPaths = (
			);
			name = "[CP] Check Pods Manifest.lock";
			outputPaths = (
			);
			runOnlyForDeploymentPostprocessing = 0;
			shellPath = /bin/sh;
			shellScript = "diff \"${PODS_ROOT}/../Podfile.lock\" \"${PODS_ROOT}/Manifest.lock\" > /dev/null\nif [ $? != 0 ] ; then\n    # print error to STDERR\n    echo \"error: The sandbox is not in sync with the Podfile.lock. Run 'pod install' or update your CocoaPods installation.\" >&2\n    exit 1\nfi\n";
			showEnvVarsInLog = 0;
		};
		20DC5DF3E847AADFA673DB99 /* [CP] Embed Pods Frameworks */ = {
			isa = PBXShellScriptBuildPhase;
			buildActionMask = 2147483647;
			files = (
			);
			inputPaths = (
			);
			name = "[CP] Embed Pods Frameworks";
			outputPaths = (
			);
			runOnlyForDeploymentPostprocessing = 0;
			shellPath = /bin/sh;
			shellScript = "\"${SRCROOT}/Pods/Target Support Files/Pods-TellMeAMovie/Pods-TellMeAMovie-frameworks.sh\"\n";
			showEnvVarsInLog = 0;
		};
		F50D4DEB1BFE6355D73AF1BA /* [CP] Copy Pods Resources */ = {
			isa = PBXShellScriptBuildPhase;
			buildActionMask = 2147483647;
			files = (
			);
			inputPaths = (
			);
			name = "[CP] Copy Pods Resources";
			outputPaths = (
			);
			runOnlyForDeploymentPostprocessing = 0;
			shellPath = /bin/sh;
			shellScript = "\"${SRCROOT}/Pods/Target Support Files/Pods-TellMeAMovie/Pods-TellMeAMovie-resources.sh\"\n";
			showEnvVarsInLog = 0;
		};
/* End PBXShellScriptBuildPhase section */

/* Begin PBXSourcesBuildPhase section */
		1676A9261DB956A400371B86 /* Sources */ = {
			isa = PBXSourcesBuildPhase;
			buildActionMask = 2147483647;
			files = (
				160234C41DC12AE70081FE88 /* CountrysTableViewController.swift in Sources */,
				1676A92E1DB956A400371B86 /* AppDelegate.swift in Sources */,
				16425A051DE638D80066793E /* TMDbHelper.swift in Sources */,
				160234C21DC120390081FE88 /* GenreTableViewController.swift in Sources */,
				160234C01DC111B50081FE88 /* SettingsMenuController.swift in Sources */,
				163F07C91DE7052800F12503 /* Client_getImage.swift in Sources */,
				160234BE1DC110630081FE88 /* MainMenuController.swift in Sources */,
			);
			runOnlyForDeploymentPostprocessing = 0;
		};
/* End PBXSourcesBuildPhase section */

/* Begin PBXVariantGroup section */
		1676A9311DB956A400371B86 /* Main.storyboard */ = {
			isa = PBXVariantGroup;
			children = (
				1676A9321DB956A400371B86 /* Base */,
			);
			name = Main.storyboard;
			sourceTree = "<group>";
		};
		1676A9361DB956A400371B86 /* LaunchScreen.storyboard */ = {
			isa = PBXVariantGroup;
			children = (
				1676A9371DB956A400371B86 /* Base */,
			);
			name = LaunchScreen.storyboard;
			sourceTree = "<group>";
		};
/* End PBXVariantGroup section */

/* Begin XCBuildConfiguration section */
		1676A93A1DB956A400371B86 /* Debug */ = {
			isa = XCBuildConfiguration;
			buildSettings = {
				ALWAYS_SEARCH_USER_PATHS = NO;
				CLANG_ANALYZER_NONNULL = YES;
				CLANG_CXX_LANGUAGE_STANDARD = "gnu++0x";
				CLANG_CXX_LIBRARY = "libc++";
				CLANG_ENABLE_MODULES = YES;
				CLANG_ENABLE_OBJC_ARC = YES;
				CLANG_WARN_BOOL_CONVERSION = YES;
				CLANG_WARN_CONSTANT_CONVERSION = YES;
				CLANG_WARN_DIRECT_OBJC_ISA_USAGE = YES_ERROR;
				CLANG_WARN_DOCUMENTATION_COMMENTS = YES;
				CLANG_WARN_EMPTY_BODY = YES;
				CLANG_WARN_ENUM_CONVERSION = YES;
				CLANG_WARN_INFINITE_RECURSION = YES;
				CLANG_WARN_INT_CONVERSION = YES;
				CLANG_WARN_OBJC_ROOT_CLASS = YES_ERROR;
				CLANG_WARN_SUSPICIOUS_MOVES = YES;
				CLANG_WARN_UNREACHABLE_CODE = YES;
				CLANG_WARN__DUPLICATE_METHOD_MATCH = YES;
				"CODE_SIGN_IDENTITY[sdk=iphoneos*]" = "iPhone Developer";
				COPY_PHASE_STRIP = NO;
				DEBUG_INFORMATION_FORMAT = dwarf;
				ENABLE_STRICT_OBJC_MSGSEND = YES;
				ENABLE_TESTABILITY = YES;
				GCC_C_LANGUAGE_STANDARD = gnu99;
				GCC_DYNAMIC_NO_PIC = NO;
				GCC_NO_COMMON_BLOCKS = YES;
				GCC_OPTIMIZATION_LEVEL = 0;
				GCC_PREPROCESSOR_DEFINITIONS = (
					"DEBUG=1",
					"$(inherited)",
				);
				GCC_WARN_64_TO_32_BIT_CONVERSION = YES;
				GCC_WARN_ABOUT_RETURN_TYPE = YES_ERROR;
				GCC_WARN_UNDECLARED_SELECTOR = YES;
				GCC_WARN_UNINITIALIZED_AUTOS = YES_AGGRESSIVE;
				GCC_WARN_UNUSED_FUNCTION = YES;
				GCC_WARN_UNUSED_VARIABLE = YES;
				IPHONEOS_DEPLOYMENT_TARGET = 10.0;
				MTL_ENABLE_DEBUG_INFO = YES;
				ONLY_ACTIVE_ARCH = YES;
				SDKROOT = iphoneos;
				SWIFT_ACTIVE_COMPILATION_CONDITIONS = DEBUG;
				SWIFT_OPTIMIZATION_LEVEL = "-Onone";
			};
			name = Debug;
		};
		1676A93B1DB956A400371B86 /* Release */ = {
			isa = XCBuildConfiguration;
			buildSettings = {
				ALWAYS_SEARCH_USER_PATHS = NO;
				CLANG_ANALYZER_NONNULL = YES;
				CLANG_CXX_LANGUAGE_STANDARD = "gnu++0x";
				CLANG_CXX_LIBRARY = "libc++";
				CLANG_ENABLE_MODULES = YES;
				CLANG_ENABLE_OBJC_ARC = YES;
				CLANG_WARN_BOOL_CONVERSION = YES;
				CLANG_WARN_CONSTANT_CONVERSION = YES;
				CLANG_WARN_DIRECT_OBJC_ISA_USAGE = YES_ERROR;
				CLANG_WARN_DOCUMENTATION_COMMENTS = YES;
				CLANG_WARN_EMPTY_BODY = YES;
				CLANG_WARN_ENUM_CONVERSION = YES;
				CLANG_WARN_INFINITE_RECURSION = YES;
				CLANG_WARN_INT_CONVERSION = YES;
				CLANG_WARN_OBJC_ROOT_CLASS = YES_ERROR;
				CLANG_WARN_SUSPICIOUS_MOVES = YES;
				CLANG_WARN_UNREACHABLE_CODE = YES;
				CLANG_WARN__DUPLICATE_METHOD_MATCH = YES;
				"CODE_SIGN_IDENTITY[sdk=iphoneos*]" = "iPhone Developer";
				COPY_PHASE_STRIP = NO;
				DEBUG_INFORMATION_FORMAT = "dwarf-with-dsym";
				ENABLE_NS_ASSERTIONS = NO;
				ENABLE_STRICT_OBJC_MSGSEND = YES;
				GCC_C_LANGUAGE_STANDARD = gnu99;
				GCC_NO_COMMON_BLOCKS = YES;
				GCC_WARN_64_TO_32_BIT_CONVERSION = YES;
				GCC_WARN_ABOUT_RETURN_TYPE = YES_ERROR;
				GCC_WARN_UNDECLARED_SELECTOR = YES;
				GCC_WARN_UNINITIALIZED_AUTOS = YES_AGGRESSIVE;
				GCC_WARN_UNUSED_FUNCTION = YES;
				GCC_WARN_UNUSED_VARIABLE = YES;
				IPHONEOS_DEPLOYMENT_TARGET = 10.0;
				MTL_ENABLE_DEBUG_INFO = NO;
				SDKROOT = iphoneos;
				SWIFT_OPTIMIZATION_LEVEL = "-Owholemodule";
				VALIDATE_PRODUCT = YES;
			};
			name = Release;
		};
		1676A93D1DB956A400371B86 /* Debug */ = {
			isa = XCBuildConfiguration;
			baseConfigurationReference = 2F4D0E178C98D4C2FF84E62D /* Pods-TellMeAMovie.debug.xcconfig */;
			buildSettings = {
				ASSETCATALOG_COMPILER_APPICON_NAME = AppIcon;
				DEVELOPMENT_TEAM = NN66A2H896;
				INFOPLIST_FILE = TellMeAMovie/Info.plist;
				LD_RUNPATH_SEARCH_PATHS = "$(inherited) @executable_path/Frameworks";
				PRODUCT_BUNDLE_IDENTIFIER = IlyaGutnikovLLC.TellMeAMovie;
				PRODUCT_NAME = "$(TARGET_NAME)";
				SWIFT_VERSION = 3.0;
			};
			name = Debug;
		};
		1676A93E1DB956A400371B86 /* Release */ = {
			isa = XCBuildConfiguration;
			baseConfigurationReference = 4427BFC0F3FCC1AAC05E8EE8 /* Pods-TellMeAMovie.release.xcconfig */;
			buildSettings = {
				ASSETCATALOG_COMPILER_APPICON_NAME = AppIcon;
				DEVELOPMENT_TEAM = NN66A2H896;
				INFOPLIST_FILE = TellMeAMovie/Info.plist;
				LD_RUNPATH_SEARCH_PATHS = "$(inherited) @executable_path/Frameworks";
				PRODUCT_BUNDLE_IDENTIFIER = IlyaGutnikovLLC.TellMeAMovie;
				PRODUCT_NAME = "$(TARGET_NAME)";
				SWIFT_VERSION = 3.0;
			};
			name = Release;
		};
/* End XCBuildConfiguration section */

/* Begin XCConfigurationList section */
		1676A9251DB956A400371B86 /* Build configuration list for PBXProject "TellMeAMovie" */ = {
			isa = XCConfigurationList;
			buildConfigurations = (
				1676A93A1DB956A400371B86 /* Debug */,
				1676A93B1DB956A400371B86 /* Release */,
			);
			defaultConfigurationIsVisible = 0;
			defaultConfigurationName = Release;
		};
		1676A93C1DB956A400371B86 /* Build configuration list for PBXNativeTarget "TellMeAMovie" */ = {
			isa = XCConfigurationList;
			buildConfigurations = (
				1676A93D1DB956A400371B86 /* Debug */,
				1676A93E1DB956A400371B86 /* Release */,
			);
			defaultConfigurationIsVisible = 0;
			defaultConfigurationName = Release;
		};
/* End XCConfigurationList section */
	};
	rootObject = 1676A9221DB956A400371B86 /* Project object */;
}
