PODS:
  - SDWebImage (3.8.2):
    - SDWebImage/Core (= 3.8.2)
  - SDWebImage/Core (3.8.2)
  - TMDBSwift (0.2.2)

DEPENDENCIES:
  - SDWebImage (~> 3.8)
  - TMDBSwift

SPEC CHECKSUMS:
  SDWebImage: 098e97e6176540799c27e804c96653ee0833d13c
  TMDBSwift: 29144be00568a1c5c5d748ce2ec4b735cd98f466

PODFILE CHECKSUM: 188f8c2c845dcc84066b0f7c596f09de17387c60

COCOAPODS: 1.1.1
